
Microsoft Visual Studio Solution File, Format Version 12.00
# Visual Studio Version 16
VisualStudioVersion = 16.0.30804.86
MinimumVisualStudioVersion = 10.0.40219.1
Project("{9A19103F-16F7-4668-BE54-9A1E7A4F7556}") = "Entities", "Entities\Entities.csproj", "{C2451879-7776-407F-A7E5-F7574C45538E}"
EndProject
Project("{9A19103F-16F7-4668-BE54-9A1E7A4F7556}") = "DataAccess", "DataAccess\DataAccess.csproj", "{340F56E9-B1B8-4037-91D8-0BDC3611B4F7}"
EndProject
Project("{9A19103F-16F7-4668-BE54-9A1E7A4F7556}") = "Business", "Business\Business.csproj", "{A175DDCB-8AD0-4A3C-B692-585DD5D8D0B7}"
EndProject
Project("{9A19103F-16F7-4668-BE54-9A1E7A4F7556}") = "ConsoleCar", "ConsoleID\ConsoleCar.csproj", "{CE5B3B81-6109-4B30-8828-540202697FE6}"
EndProject
Global
	GlobalSection(SolutionConfigurationPlatforms) = preSolution
		Debug|Any CPU = Debug|Any CPU
		Release|Any CPU = Release|Any CPU
	EndGlobalSection
	GlobalSection(ProjectConfigurationPlatforms) = postSolution
		{C2451879-7776-407F-A7E5-F7574C45538E}.Debug|Any CPU.ActiveCfg = Debug|Any CPU
		{C2451879-7776-407F-A7E5-F7574C45538E}.Debug|Any CPU.Build.0 = Debug|Any CPU
		{C2451879-7776-407F-A7E5-F7574C45538E}.Release|Any CPU.ActiveCfg = Release|Any CPU
		{C2451879-7776-407F-A7E5-F7574C45538E}.Release|Any CPU.Build.0 = Release|Any CPU
		{340F56E9-B1B8-4037-91D8-0BDC3611B4F7}.Debug|Any CPU.ActiveCfg = Debug|Any CPU
		{340F56E9-B1B8-4037-91D8-0BDC3611B4F7}.Debug|Any CPU.Build.0 = Debug|Any CPU
		{340F56E9-B1B8-4037-91D8-0BDC3611B4F7}.Release|Any CPU.ActiveCfg = Release|Any CPU
		{340F56E9-B1B8-4037-91D8-0BDC3611B4F7}.Release|Any CPU.Build.0 = Release|Any CPU
		{A175DDCB-8AD0-4A3C-B692-585DD5D8D0B7}.Debug|Any CPU.ActiveCfg = Debug|Any CPU
		{A175DDCB-8AD0-4A3C-B692-585DD5D8D0B7}.Debug|Any CPU.Build.0 = Debug|Any CPU
		{A175DDCB-8AD0-4A3C-B692-585DD5D8D0B7}.Release|Any CPU.ActiveCfg = Release|Any CPU
		{A175DDCB-8AD0-4A3C-B692-585DD5D8D0B7}.Release|Any CPU.Build.0 = Release|Any CPU
		{CE5B3B81-6109-4B30-8828-540202697FE6}.Debug|Any CPU.ActiveCfg = Debug|Any CPU
		{CE5B3B81-6109-4B30-8828-540202697FE6}.Debug|Any CPU.Build.0 = Debug|Any CPU
		{CE5B3B81-6109-4B30-8828-540202697FE6}.Release|Any CPU.ActiveCfg = Release|Any CPU
		{CE5B3B81-6109-4B30-8828-540202697FE6}.Release|Any CPU.Build.0 = Release|Any CPU
	EndGlobalSection
	GlobalSection(SolutionProperties) = preSolution
		HideSolutionNode = FALSE
	EndGlobalSection
	GlobalSection(ExtensibilityGlobals) = postSolution
		SolutionGuid = {AA25D465-86DA-4740-AC5E-FAB4F786A8F2}
	EndGlobalSection
EndGlobal
